
Microsoft Visual Studio Solution File, Format Version 12.00
# Visual Studio Version 17
VisualStudioVersion = 17.10.34928.147
MinimumVisualStudioVersion = 10.0.40219.1
Project("{FAE04EC0-301F-11D3-BF4B-00C04F79EFBC}") = "Banksimulator", "Banksimulator\Banksimulator.csproj", "{60B03739-1A0C-4103-82E8-EF99CC3C6D7E}"
EndProject
Global
	GlobalSection(SolutionConfigurationPlatforms) = preSolution
		Debug|Any CPU = Debug|Any CPU
		Release|Any CPU = Release|Any CPU
	EndGlobalSection
	GlobalSection(ProjectConfigurationPlatforms) = postSolution
		{60B03739-1A0C-4103-82E8-EF99CC3C6D7E}.Debug|Any CPU.ActiveCfg = Debug|Any CPU
		{60B03739-1A0C-4103-82E8-EF99CC3C6D7E}.Debug|Any CPU.Build.0 = Debug|Any CPU
		{60B03739-1A0C-4103-82E8-EF99CC3C6D7E}.Release|Any CPU.ActiveCfg = Release|Any CPU
		{60B03739-1A0C-4103-82E8-EF99CC3C6D7E}.Release|Any CPU.Build.0 = Release|Any CPU
	EndGlobalSection
	GlobalSection(SolutionProperties) = preSolution
		HideSolutionNode = FALSE
	EndGlobalSection
	GlobalSection(ExtensibilityGlobals) = postSolution
		SolutionGuid = {8C3C16E5-9BD2-46D1-9011-8C6D423055F3}
	EndGlobalSection
EndGlobal
